
Microsoft Visual Studio Solution File, Format Version 12.00
Project("{FAE04EC0-301F-11D3-BF4B-00C04F79EFBC}") = "CardGameRefactoring", "CardGameRefactoring.csproj", "{BAA1C6BF-6612-46DD-A422-2C66986CC77C}"
EndProject
Global
	GlobalSection(SolutionConfigurationPlatforms) = preSolution
		Debug|Any CPU = Debug|Any CPU
		Release|Any CPU = Release|Any CPU
	EndGlobalSection
	GlobalSection(ProjectConfigurationPlatforms) = postSolution
		{BAA1C6BF-6612-46DD-A422-2C66986CC77C}.Debug|Any CPU.ActiveCfg = Debug|Any CPU
		{BAA1C6BF-6612-46DD-A422-2C66986CC77C}.Debug|Any CPU.Build.0 = Debug|Any CPU
		{BAA1C6BF-6612-46DD-A422-2C66986CC77C}.Release|Any CPU.ActiveCfg = Release|Any CPU
		{BAA1C6BF-6612-46DD-A422-2C66986CC77C}.Release|Any CPU.Build.0 = Release|Any CPU
	EndGlobalSection
EndGlobal
